
Microsoft Visual Studio Solution File, Format Version 12.00
# Visual Studio 15
VisualStudioVersion = 15.0.28307.705
MinimumVisualStudioVersion = 10.0.40219.1
Project("{FAE04EC0-301F-11D3-BF4B-00C04F79EFBC}") = "AutoComplete", "AutoCompleteTree\AutoComplete.csproj", "{248095C1-ED6E-403C-ACB9-5C83988865C4}"
EndProject
Project("{FAE04EC0-301F-11D3-BF4B-00C04F79EFBC}") = "UnitTestAutocomplete", "UnitTestAutocomplete\UnitTestAutocomplete.csproj", "{F56E4C95-2F05-4F4D-8FAF-A5D04962832F}"
EndProject
Global
	GlobalSection(SolutionConfigurationPlatforms) = preSolution
		Debug|Any CPU = Debug|Any CPU
		Release|Any CPU = Release|Any CPU
	EndGlobalSection
	GlobalSection(ProjectConfigurationPlatforms) = postSolution
		{248095C1-ED6E-403C-ACB9-5C83988865C4}.Debug|Any CPU.ActiveCfg = Debug|Any CPU
		{248095C1-ED6E-403C-ACB9-5C83988865C4}.Debug|Any CPU.Build.0 = Debug|Any CPU
		{248095C1-ED6E-403C-ACB9-5C83988865C4}.Release|Any CPU.ActiveCfg = Release|Any CPU
		{248095C1-ED6E-403C-ACB9-5C83988865C4}.Release|Any CPU.Build.0 = Release|Any CPU
		{F56E4C95-2F05-4F4D-8FAF-A5D04962832F}.Debug|Any CPU.ActiveCfg = Debug|Any CPU
		{F56E4C95-2F05-4F4D-8FAF-A5D04962832F}.Debug|Any CPU.Build.0 = Debug|Any CPU
		{F56E4C95-2F05-4F4D-8FAF-A5D04962832F}.Release|Any CPU.ActiveCfg = Release|Any CPU
		{F56E4C95-2F05-4F4D-8FAF-A5D04962832F}.Release|Any CPU.Build.0 = Release|Any CPU
	EndGlobalSection
	GlobalSection(SolutionProperties) = preSolution
		HideSolutionNode = FALSE
	EndGlobalSection
	GlobalSection(ExtensibilityGlobals) = postSolution
		SolutionGuid = {7810BB79-CC8F-4BBD-9CAF-B95DDA9806DC}
	EndGlobalSection
EndGlobal
